
Microsoft Visual Studio Solution File, Format Version 12.00
# Visual Studio Version 17
VisualStudioVersion = 17.14.36221.1 d17.14
MinimumVisualStudioVersion = 10.0.40219.1
Project("{FAE04EC0-301F-11D3-BF4B-00C04F79EFBC}") = "MatchGame", "MatchGame.csproj", "{26C7ACE9-B7F0-4016-BEF8-79E5BF075AED}"
EndProject
Global
	GlobalSection(SolutionConfigurationPlatforms) = preSolution
		Debug|Any CPU = Debug|Any CPU
		Release|Any CPU = Release|Any CPU
	EndGlobalSection
	GlobalSection(ProjectConfigurationPlatforms) = postSolution
		{26C7ACE9-B7F0-4016-BEF8-79E5BF075AED}.Debug|Any CPU.ActiveCfg = Debug|Any CPU
		{26C7ACE9-B7F0-4016-BEF8-79E5BF075AED}.Debug|Any CPU.Build.0 = Debug|Any CPU
		{26C7ACE9-B7F0-4016-BEF8-79E5BF075AED}.Release|Any CPU.ActiveCfg = Release|Any CPU
		{26C7ACE9-B7F0-4016-BEF8-79E5BF075AED}.Release|Any CPU.Build.0 = Release|Any CPU
	EndGlobalSection
	GlobalSection(SolutionProperties) = preSolution
		HideSolutionNode = FALSE
	EndGlobalSection
	GlobalSection(ExtensibilityGlobals) = postSolution
		SolutionGuid = {C6DB7C31-F35A-40DF-B27D-5EFBAA8AB3FF}
	EndGlobalSection
EndGlobal
